
Microsoft Visual Studio Solution File, Format Version 10.00
# Visual Studio 2008
Project("{2150E333-8FDC-42A3-9474-1A3956D46DE8}") = "Code Style Enforcer", "Code Style Enforcer", "{8E22457A-2B70-47B4-BC56-4AE2636124D1}"
	ProjectSection(SolutionItems) = preProject
		..\..\..\..\..\Program Files\DevTools\VS8 Plugins\Code Style Enforcer\CustomRules\ImplementationRules.xml = ..\..\..\..\..\Program Files\DevTools\VS8 Plugins\Code Style Enforcer\CustomRules\ImplementationRules.xml
		..\..\..\..\..\Program Files\DevTools\VS8 Plugins\Code Style Enforcer\CustomRules\NameRules.xml = ..\..\..\..\..\Program Files\DevTools\VS8 Plugins\Code Style Enforcer\CustomRules\NameRules.xml
		..\..\..\..\..\Program Files\DevTools\VS8 Plugins\Code Style Enforcer\CustomRules\VisibilityRules.xml = ..\..\..\..\..\Program Files\DevTools\VS8 Plugins\Code Style Enforcer\CustomRules\VisibilityRules.xml
	EndProjectSection
EndProject
Project("{FAE04EC0-301F-11D3-BF4B-00C04F79EFBC}") = "PoshConsole", "PoshConsole\PoshConsole.csproj", "{44C927E3-2C76-4CA4-9677-28DA10E3FA83}"
EndProject
Project("{FAE04EC0-301F-11D3-BF4B-00C04F79EFBC}") = "Huddled", "Huddled\Huddled.csproj", "{23A411B5-657B-4B8E-9B10-D7256D39AD08}"
EndProject
Project("{FAE04EC0-301F-11D3-BF4B-00C04F79EFBC}") = "DEMOGlobalHotkeys", "GlobalHotkeys\DEMOGlobalHotkeys.csproj", "{FE1012D2-EA0C-42B4-A5B3-F0416AFC6A34}"
EndProject
Project("{FAE04EC0-301F-11D3-BF4B-00C04F79EFBC}") = "FontLibrary", "FontLibrary\FontLibrary.csproj", "{BB5102A9-8BC9-4051-8A09-A1CEB623B50A}"
EndProject
Project("{FAE04EC0-301F-11D3-BF4B-00C04F79EFBC}") = "UnitTests", "UnitTests\UnitTests.csproj", "{DDAA0210-5A8D-4681-9025-ED86A6AD8091}"
EndProject
Project("{FAE04EC0-301F-11D3-BF4B-00C04F79EFBC}") = "HuddledControls", "HuddledControls\HuddledControls.csproj", "{969A3CF0-3AA6-499B-995B-C84E8F15B107}"
EndProject
Project("{FAE04EC0-301F-11D3-BF4B-00C04F79EFBC}") = "DEMOConsoleControl", "ConsoleControlDemo\DEMOConsoleControl.csproj", "{40ACBB24-A606-4C46-A07C-8133A58DA5A4}"
EndProject
Global
	GlobalSection(TeamFoundationVersionControl) = preSolution
		SccNumberOfProjects = 8
		SccEnterpriseProvider = {4CA58AB2-18FA-4F8D-95D4-32DDF27D184C}
		SccTeamFoundationServer = https://tfs04.codeplex.com/
		SccLocalPath0 = .
		SccProjectUniqueName1 = Huddled\\Huddled.csproj
		SccProjectName1 = Huddled
		SccLocalPath1 = Huddled
		SccProjectUniqueName2 = UnitTests\\UnitTests.csproj
		SccProjectName2 = UnitTests
		SccLocalPath2 = UnitTests
		SccProjectUniqueName3 = PoshConsole\\PoshConsole.csproj
		SccProjectName3 = PoshConsole
		SccLocalPath3 = PoshConsole
		SccProjectUniqueName4 = FontLibrary\\FontLibrary.csproj
		SccProjectName4 = FontLibrary
		SccLocalPath4 = FontLibrary
		SccProjectUniqueName5 = HuddledControls\\HuddledControls.csproj
		SccProjectName5 = HuddledControls
		SccLocalPath5 = HuddledControls
		SccProjectUniqueName6 = ConsoleControlDemo\\DEMOConsoleControl.csproj
		SccProjectName6 = ConsoleControlDemo
		SccLocalPath6 = ConsoleControlDemo
		SccProjectUniqueName7 = GlobalHotkeys\\DEMOGlobalHotkeys.csproj
		SccProjectName7 = GlobalHotkeys
		SccLocalPath7 = GlobalHotkeys
	EndGlobalSection
	GlobalSection(SolutionConfigurationPlatforms) = preSolution
		Debug|Any CPU = Debug|Any CPU
		Release|Any CPU = Release|Any CPU
	EndGlobalSection
	GlobalSection(ProjectConfigurationPlatforms) = postSolution
		{44C927E3-2C76-4CA4-9677-28DA10E3FA83}.Debug|Any CPU.ActiveCfg = Debug|Any CPU
		{44C927E3-2C76-4CA4-9677-28DA10E3FA83}.Debug|Any CPU.Build.0 = Debug|Any CPU
		{44C927E3-2C76-4CA4-9677-28DA10E3FA83}.Release|Any CPU.ActiveCfg = Release|Any CPU
		{44C927E3-2C76-4CA4-9677-28DA10E3FA83}.Release|Any CPU.Build.0 = Release|Any CPU
		{23A411B5-657B-4B8E-9B10-D7256D39AD08}.Debug|Any CPU.ActiveCfg = Debug|Any CPU
		{23A411B5-657B-4B8E-9B10-D7256D39AD08}.Debug|Any CPU.Build.0 = Debug|Any CPU
		{23A411B5-657B-4B8E-9B10-D7256D39AD08}.Release|Any CPU.ActiveCfg = Release|Any CPU
		{23A411B5-657B-4B8E-9B10-D7256D39AD08}.Release|Any CPU.Build.0 = Release|Any CPU
		{FE1012D2-EA0C-42B4-A5B3-F0416AFC6A34}.Debug|Any CPU.ActiveCfg = Debug|Any CPU
		{FE1012D2-EA0C-42B4-A5B3-F0416AFC6A34}.Debug|Any CPU.Build.0 = Debug|Any CPU
		{FE1012D2-EA0C-42B4-A5B3-F0416AFC6A34}.Release|Any CPU.ActiveCfg = Release|Any CPU
		{FE1012D2-EA0C-42B4-A5B3-F0416AFC6A34}.Release|Any CPU.Build.0 = Release|Any CPU
		{BB5102A9-8BC9-4051-8A09-A1CEB623B50A}.Debug|Any CPU.ActiveCfg = Debug|Any CPU
		{BB5102A9-8BC9-4051-8A09-A1CEB623B50A}.Debug|Any CPU.Build.0 = Debug|Any CPU
		{BB5102A9-8BC9-4051-8A09-A1CEB623B50A}.Release|Any CPU.ActiveCfg = Release|Any CPU
		{BB5102A9-8BC9-4051-8A09-A1CEB623B50A}.Release|Any CPU.Build.0 = Release|Any CPU
		{DDAA0210-5A8D-4681-9025-ED86A6AD8091}.Debug|Any CPU.ActiveCfg = Debug|Any CPU
		{DDAA0210-5A8D-4681-9025-ED86A6AD8091}.Debug|Any CPU.Build.0 = Debug|Any CPU
		{DDAA0210-5A8D-4681-9025-ED86A6AD8091}.Release|Any CPU.ActiveCfg = Release|Any CPU
		{DDAA0210-5A8D-4681-9025-ED86A6AD8091}.Release|Any CPU.Build.0 = Release|Any CPU
		{969A3CF0-3AA6-499B-995B-C84E8F15B107}.Debug|Any CPU.ActiveCfg = Debug|Any CPU
		{969A3CF0-3AA6-499B-995B-C84E8F15B107}.Debug|Any CPU.Build.0 = Debug|Any CPU
		{969A3CF0-3AA6-499B-995B-C84E8F15B107}.Release|Any CPU.ActiveCfg = Release|Any CPU
		{969A3CF0-3AA6-499B-995B-C84E8F15B107}.Release|Any CPU.Build.0 = Release|Any CPU
		{40ACBB24-A606-4C46-A07C-8133A58DA5A4}.Debug|Any CPU.ActiveCfg = Debug|Any CPU
		{40ACBB24-A606-4C46-A07C-8133A58DA5A4}.Debug|Any CPU.Build.0 = Debug|Any CPU
		{40ACBB24-A606-4C46-A07C-8133A58DA5A4}.Release|Any CPU.ActiveCfg = Release|Any CPU
		{40ACBB24-A606-4C46-A07C-8133A58DA5A4}.Release|Any CPU.Build.0 = Release|Any CPU
	EndGlobalSection
	GlobalSection(SolutionProperties) = preSolution
		HideSolutionNode = FALSE
	EndGlobalSection
	GlobalSection(ExtensibilityGlobals) = postSolution
		CodeStyleEnforcer_RulesLocation = 0
		CodeStyleEnforcer_Active = -1
	EndGlobalSection
EndGlobal
